<?xml version="1.0" encoding="utf-8"?>
<Project ToolsVersion="4.0" xmlns="http://schemas.microsoft.com/developer/msbuild/2003">
  <ItemGroup>
    <Filter Include="src">
      <UniqueIdentifier>{242a9734-0a61-4d55-8ee3-2bfb1de451ff}</UniqueIdentifier>
      <Extensions>cpp;c;cc;cxx;def;odl;idl;hpj;bat;asm;asmx</Extensions>
    </Filter>
  </ItemGroup>
  <ItemGroup>
    <None Include="map.def">
      <Filter>src</Filter>
    </None>
  </ItemGroup>
  <ItemGroup>
    <ClCompile Include="parse.cpp">
      <Filter>src</Filter>
    </ClCompile>
    <ClCompile Include="plugin.cpp">
      <Filter>src</Filter>
    </ClCompile>
    <ClCompile Include="write.cpp">
      <Filter>src</Filter>
    </ClCompile>
  </ItemGroup>
</Project>