
Microsoft Visual Studio Solution File, Format Version 9.00
# Visual Studio 2005
Project("{8BC9CEB8-8B4A-11D0-8D11-00A0C91BC942}") = "radiant", "radiant\radiant.vcproj", "{65D02375-63EE-4A8A-9F8E-504B1D5A1D02}"
	ProjectSection(ProjectDependencies) = postProject
		{3886C418-A41E-4AFF-BBD1-8E1E508920C9} = {3886C418-A41E-4AFF-BBD1-8E1E508920C9}
		{0B522841-BDCC-493A-BA5C-604AE2CD5756} = {0B522841-BDCC-493A-BA5C-604AE2CD5756}
		{DC2F2B6B-2596-4B90-88CE-2FDE4C2FFB01} = {DC2F2B6B-2596-4B90-88CE-2FDE4C2FFB01}
		{5DCC8086-830E-42E6-B080-5A287F8FF5DC} = {5DCC8086-830E-42E6-B080-5A287F8FF5DC}
		{B1684CA7-AB7C-46A8-92A0-D621406FE041} = {B1684CA7-AB7C-46A8-92A0-D621406FE041}
		{E13CCFB0-A366-4EF3-A66F-C374B563E4DF} = {E13CCFB0-A366-4EF3-A66F-C374B563E4DF}
		{320CF5DE-0DFD-4C3F-B558-5F4098E111C8} = {320CF5DE-0DFD-4C3F-B558-5F4098E111C8}
	EndProjectSection
EndProject
Project("{8BC9CEB8-8B4A-11D0-8D11-00A0C91BC942}") = "synapse", "libs\synapse\synapse.vcproj", "{E13CCFB0-A366-4EF3-A66F-C374B563E4DF}"
EndProject
Project("{8BC9CEB8-8B4A-11D0-8D11-00A0C91BC942}") = "cmdlib", "libs\cmdlib\cmdlib.vcproj", "{0B522841-BDCC-493A-BA5C-604AE2CD5756}"
EndProject
Project("{8BC9CEB8-8B4A-11D0-8D11-00A0C91BC942}") = "ddslib", "libs\ddslib\ddslib.vcproj", "{5DCC8086-830E-42E6-B080-5A287F8FF5DC}"
EndProject
Project("{8BC9CEB8-8B4A-11D0-8D11-00A0C91BC942}") = "jpeg6", "libs\jpeg6\jpeg6.vcproj", "{B1684CA7-AB7C-46A8-92A0-D621406FE041}"
EndProject
Project("{8BC9CEB8-8B4A-11D0-8D11-00A0C91BC942}") = "l_net", "libs\l_net\l_net.vcproj", "{3886C418-A41E-4AFF-BBD1-8E1E508920C9}"
EndProject
Project("{8BC9CEB8-8B4A-11D0-8D11-00A0C91BC942}") = "mathlib", "libs\mathlib\mathlib.vcproj", "{320CF5DE-0DFD-4C3F-B558-5F4098E111C8}"
EndProject
Project("{8BC9CEB8-8B4A-11D0-8D11-00A0C91BC942}") = "md5lib", "libs\md5lib\md5lib.vcproj", "{DC2F2B6B-2596-4B90-88CE-2FDE4C2FFB01}"
EndProject
Project("{8BC9CEB8-8B4A-11D0-8D11-00A0C91BC942}") = "picomodel", "libs\picomodel\picomodel.vcproj", "{444E6FDA-83BD-49F1-89A4-7CF716F742A8}"
EndProject
Project("{8BC9CEB8-8B4A-11D0-8D11-00A0C91BC942}") = "camera", "contrib\camera\camera.vcproj", "{A43B5811-4BCC-483A-BDAC-F5721DCF9B4A}"
	ProjectSection(ProjectDependencies) = postProject
		{E13CCFB0-A366-4EF3-A66F-C374B563E4DF} = {E13CCFB0-A366-4EF3-A66F-C374B563E4DF}
		{6C1116CE-D99E-4629-9E69-A9329335D706} = {6C1116CE-D99E-4629-9E69-A9329335D706}
	EndProjectSection
EndProject
Project("{8BC9CEB8-8B4A-11D0-8D11-00A0C91BC942}") = "entity", "plugins\entity\entity.vcproj", "{17DD38AA-4842-45BC-9304-2ADC1A12B4F4}"
	ProjectSection(ProjectDependencies) = postProject
		{320CF5DE-0DFD-4C3F-B558-5F4098E111C8} = {320CF5DE-0DFD-4C3F-B558-5F4098E111C8}
		{E13CCFB0-A366-4EF3-A66F-C374B563E4DF} = {E13CCFB0-A366-4EF3-A66F-C374B563E4DF}
	EndProjectSection
EndProject
Project("{8BC9CEB8-8B4A-11D0-8D11-00A0C91BC942}") = "image", "plugins\image\image.vcproj", "{1F9977F6-216F-4AE1-9928-59B72CF31C46}"
EndProject
Project("{8BC9CEB8-8B4A-11D0-8D11-00A0C91BC942}") = "imagepng", "plugins\imagepng\imagepng.vcproj", "{43C01E60-21CC-49F5-8A11-F460BC866A31}"
EndProject
Project("{8BC9CEB8-8B4A-11D0-8D11-00A0C91BC942}") = "map", "plugins\map\map.vcproj", "{1B0E70B0-ED20-4021-9BBE-5168CB8DAE90}"
EndProject
Project("{8BC9CEB8-8B4A-11D0-8D11-00A0C91BC942}") = "mapxml", "plugins\mapxml\mapxml.vcproj", "{DDBF170A-42DF-4836-9006-816422E08493}"
EndProject
Project("{8BC9CEB8-8B4A-11D0-8D11-00A0C91BC942}") = "model", "plugins\model\model.vcproj", "{83C877DA-17B2-4863-B085-06AE9A8D68F3}"
	ProjectSection(ProjectDependencies) = postProject
		{E13CCFB0-A366-4EF3-A66F-C374B563E4DF} = {E13CCFB0-A366-4EF3-A66F-C374B563E4DF}
		{444E6FDA-83BD-49F1-89A4-7CF716F742A8} = {444E6FDA-83BD-49F1-89A4-7CF716F742A8}
		{320CF5DE-0DFD-4C3F-B558-5F4098E111C8} = {320CF5DE-0DFD-4C3F-B558-5F4098E111C8}
	EndProjectSection
EndProject
Project("{8BC9CEB8-8B4A-11D0-8D11-00A0C91BC942}") = "shaders", "plugins\shaders\shaders.vcproj", "{AEBCB950-AB67-48BB-9AF5-FCFB042824E8}"
	ProjectSection(ProjectDependencies) = postProject
		{E13CCFB0-A366-4EF3-A66F-C374B563E4DF} = {E13CCFB0-A366-4EF3-A66F-C374B563E4DF}
	EndProjectSection
EndProject
Project("{8BC9CEB8-8B4A-11D0-8D11-00A0C91BC942}") = "surface", "plugins\surface\surface.vcproj", "{6FDF6CFE-52FF-4E8C-A6F6-C0392DAE4DB7}"
	ProjectSection(ProjectDependencies) = postProject
		{E13CCFB0-A366-4EF3-A66F-C374B563E4DF} = {E13CCFB0-A366-4EF3-A66F-C374B563E4DF}
	EndProjectSection
EndProject
Project("{8BC9CEB8-8B4A-11D0-8D11-00A0C91BC942}") = "vfspk3", "plugins\vfspk3\vfspk3.vcproj", "{DEFCF433-3A47-40EB-BBF7-861211C3A941}"
	ProjectSection(ProjectDependencies) = postProject
		{E13CCFB0-A366-4EF3-A66F-C374B563E4DF} = {E13CCFB0-A366-4EF3-A66F-C374B563E4DF}
	EndProjectSection
EndProject
Project("{8BC9CEB8-8B4A-11D0-8D11-00A0C91BC942}") = "Splines", "libs\splines\Splines.vcproj", "{6C1116CE-D99E-4629-9E69-A9329335D706}"
EndProject
Project("{8BC9CEB8-8B4A-11D0-8D11-00A0C91BC942}") = "q3map2", "tools\quake3\q3map2\q3map2.vcproj", "{F5D0509C-80E0-49B7-B033-885D8253063A}"
	ProjectSection(ProjectDependencies) = postProject
		{B1684CA7-AB7C-46A8-92A0-D621406FE041} = {B1684CA7-AB7C-46A8-92A0-D621406FE041}
	EndProjectSection
EndProject
Global
	GlobalSection(SolutionConfigurationPlatforms) = preSolution
		Debug|Win32 = Debug|Win32
		Release|Win32 = Release|Win32
	EndGlobalSection
	GlobalSection(ProjectConfigurationPlatforms) = postSolution
		{65D02375-63EE-4A8A-9F8E-504B1D5A1D02}.Debug|Win32.ActiveCfg = Debug|Win32
		{65D02375-63EE-4A8A-9F8E-504B1D5A1D02}.Debug|Win32.Build.0 = Debug|Win32
		{65D02375-63EE-4A8A-9F8E-504B1D5A1D02}.Release|Win32.ActiveCfg = Release|Win32
		{65D02375-63EE-4A8A-9F8E-504B1D5A1D02}.Release|Win32.Build.0 = Release|Win32
		{E13CCFB0-A366-4EF3-A66F-C374B563E4DF}.Debug|Win32.ActiveCfg = Debug|Win32
		{E13CCFB0-A366-4EF3-A66F-C374B563E4DF}.Debug|Win32.Build.0 = Debug|Win32
		{E13CCFB0-A366-4EF3-A66F-C374B563E4DF}.Release|Win32.ActiveCfg = Release|Win32
		{E13CCFB0-A366-4EF3-A66F-C374B563E4DF}.Release|Win32.Build.0 = Release|Win32
		{0B522841-BDCC-493A-BA5C-604AE2CD5756}.Debug|Win32.ActiveCfg = Debug|Win32
		{0B522841-BDCC-493A-BA5C-604AE2CD5756}.Debug|Win32.Build.0 = Debug|Win32
		{0B522841-BDCC-493A-BA5C-604AE2CD5756}.Release|Win32.ActiveCfg = Release|Win32
		{0B522841-BDCC-493A-BA5C-604AE2CD5756}.Release|Win32.Build.0 = Release|Win32
		{5DCC8086-830E-42E6-B080-5A287F8FF5DC}.Debug|Win32.ActiveCfg = Debug|Win32
		{5DCC8086-830E-42E6-B080-5A287F8FF5DC}.Debug|Win32.Build.0 = Debug|Win32
		{5DCC8086-830E-42E6-B080-5A287F8FF5DC}.Release|Win32.ActiveCfg = Release|Win32
		{5DCC8086-830E-42E6-B080-5A287F8FF5DC}.Release|Win32.Build.0 = Release|Win32
		{B1684CA7-AB7C-46A8-92A0-D621406FE041}.Debug|Win32.ActiveCfg = Debug|Win32
		{B1684CA7-AB7C-46A8-92A0-D621406FE041}.Debug|Win32.Build.0 = Debug|Win32
		{B1684CA7-AB7C-46A8-92A0-D621406FE041}.Release|Win32.ActiveCfg = Release|Win32
		{B1684CA7-AB7C-46A8-92A0-D621406FE041}.Release|Win32.Build.0 = Release|Win32
		{3886C418-A41E-4AFF-BBD1-8E1E508920C9}.Debug|Win32.ActiveCfg = Debug|Win32
		{3886C418-A41E-4AFF-BBD1-8E1E508920C9}.Debug|Win32.Build.0 = Debug|Win32
		{3886C418-A41E-4AFF-BBD1-8E1E508920C9}.Release|Win32.ActiveCfg = Release|Win32
		{3886C418-A41E-4AFF-BBD1-8E1E508920C9}.Release|Win32.Build.0 = Release|Win32
		{320CF5DE-0DFD-4C3F-B558-5F4098E111C8}.Debug|Win32.ActiveCfg = Debug|Win32
		{320CF5DE-0DFD-4C3F-B558-5F4098E111C8}.Debug|Win32.Build.0 = Debug|Win32
		{320CF5DE-0DFD-4C3F-B558-5F4098E111C8}.Release|Win32.ActiveCfg = Release|Win32
		{320CF5DE-0DFD-4C3F-B558-5F4098E111C8}.Release|Win32.Build.0 = Release|Win32
		{DC2F2B6B-2596-4B90-88CE-2FDE4C2FFB01}.Debug|Win32.ActiveCfg = Debug|Win32
		{DC2F2B6B-2596-4B90-88CE-2FDE4C2FFB01}.Debug|Win32.Build.0 = Debug|Win32
		{DC2F2B6B-2596-4B90-88CE-2FDE4C2FFB01}.Release|Win32.ActiveCfg = Release|Win32
		{DC2F2B6B-2596-4B90-88CE-2FDE4C2FFB01}.Release|Win32.Build.0 = Release|Win32
		{444E6FDA-83BD-49F1-89A4-7CF716F742A8}.Debug|Win32.ActiveCfg = Debug|Win32
		{444E6FDA-83BD-49F1-89A4-7CF716F742A8}.Debug|Win32.Build.0 = Debug|Win32
		{444E6FDA-83BD-49F1-89A4-7CF716F742A8}.Release|Win32.ActiveCfg = Release|Win32
		{444E6FDA-83BD-49F1-89A4-7CF716F742A8}.Release|Win32.Build.0 = Release|Win32
		{A43B5811-4BCC-483A-BDAC-F5721DCF9B4A}.Debug|Win32.ActiveCfg = Debug|Win32
		{A43B5811-4BCC-483A-BDAC-F5721DCF9B4A}.Debug|Win32.Build.0 = Debug|Win32
		{A43B5811-4BCC-483A-BDAC-F5721DCF9B4A}.Release|Win32.ActiveCfg = Release|Win32
		{A43B5811-4BCC-483A-BDAC-F5721DCF9B4A}.Release|Win32.Build.0 = Release|Win32
		{17DD38AA-4842-45BC-9304-2ADC1A12B4F4}.Debug|Win32.ActiveCfg = Debug|Win32
		{17DD38AA-4842-45BC-9304-2ADC1A12B4F4}.Debug|Win32.Build.0 = Debug|Win32
		{17DD38AA-4842-45BC-9304-2ADC1A12B4F4}.Release|Win32.ActiveCfg = Release|Win32
		{17DD38AA-4842-45BC-9304-2ADC1A12B4F4}.Release|Win32.Build.0 = Release|Win32
		{1F9977F6-216F-4AE1-9928-59B72CF31C46}.Debug|Win32.ActiveCfg = Debug|Win32
		{1F9977F6-216F-4AE1-9928-59B72CF31C46}.Debug|Win32.Build.0 = Debug|Win32
		{1F9977F6-216F-4AE1-9928-59B72CF31C46}.Release|Win32.ActiveCfg = Release|Win32
		{1F9977F6-216F-4AE1-9928-59B72CF31C46}.Release|Win32.Build.0 = Release|Win32
		{43C01E60-21CC-49F5-8A11-F460BC866A31}.Debug|Win32.ActiveCfg = Debug|Win32
		{43C01E60-21CC-49F5-8A11-F460BC866A31}.Debug|Win32.Build.0 = Debug|Win32
		{43C01E60-21CC-49F5-8A11-F460BC866A31}.Release|Win32.ActiveCfg = Release|Win32
		{43C01E60-21CC-49F5-8A11-F460BC866A31}.Release|Win32.Build.0 = Release|Win32
		{1B0E70B0-ED20-4021-9BBE-5168CB8DAE90}.Debug|Win32.ActiveCfg = Debug|Win32
		{1B0E70B0-ED20-4021-9BBE-5168CB8DAE90}.Debug|Win32.Build.0 = Debug|Win32
		{1B0E70B0-ED20-4021-9BBE-5168CB8DAE90}.Release|Win32.ActiveCfg = Release|Win32
		{1B0E70B0-ED20-4021-9BBE-5168CB8DAE90}.Release|Win32.Build.0 = Release|Win32
		{DDBF170A-42DF-4836-9006-816422E08493}.Debug|Win32.ActiveCfg = Debug|Win32
		{DDBF170A-42DF-4836-9006-816422E08493}.Debug|Win32.Build.0 = Debug|Win32
		{DDBF170A-42DF-4836-9006-816422E08493}.Release|Win32.ActiveCfg = Release|Win32
		{DDBF170A-42DF-4836-9006-816422E08493}.Release|Win32.Build.0 = Release|Win32
		{83C877DA-17B2-4863-B085-06AE9A8D68F3}.Debug|Win32.ActiveCfg = Debug|Win32
		{83C877DA-17B2-4863-B085-06AE9A8D68F3}.Debug|Win32.Build.0 = Debug|Win32
		{83C877DA-17B2-4863-B085-06AE9A8D68F3}.Release|Win32.ActiveCfg = Release|Win32
		{83C877DA-17B2-4863-B085-06AE9A8D68F3}.Release|Win32.Build.0 = Release|Win32
		{AEBCB950-AB67-48BB-9AF5-FCFB042824E8}.Debug|Win32.ActiveCfg = Debug|Win32
		{AEBCB950-AB67-48BB-9AF5-FCFB042824E8}.Debug|Win32.Build.0 = Debug|Win32
		{AEBCB950-AB67-48BB-9AF5-FCFB042824E8}.Release|Win32.ActiveCfg = Release|Win32
		{AEBCB950-AB67-48BB-9AF5-FCFB042824E8}.Release|Win32.Build.0 = Release|Win32
		{6FDF6CFE-52FF-4E8C-A6F6-C0392DAE4DB7}.Debug|Win32.ActiveCfg = Debug|Win32
		{6FDF6CFE-52FF-4E8C-A6F6-C0392DAE4DB7}.Debug|Win32.Build.0 = Debug|Win32
		{6FDF6CFE-52FF-4E8C-A6F6-C0392DAE4DB7}.Release|Win32.ActiveCfg = Release|Win32
		{6FDF6CFE-52FF-4E8C-A6F6-C0392DAE4DB7}.Release|Win32.Build.0 = Release|Win32
		{DEFCF433-3A47-40EB-BBF7-861211C3A941}.Debug|Win32.ActiveCfg = Debug|Win32
		{DEFCF433-3A47-40EB-BBF7-861211C3A941}.Debug|Win32.Build.0 = Debug|Win32
		{DEFCF433-3A47-40EB-BBF7-861211C3A941}.Release|Win32.ActiveCfg = Release|Win32
		{DEFCF433-3A47-40EB-BBF7-861211C3A941}.Release|Win32.Build.0 = Release|Win32
		{6C1116CE-D99E-4629-9E69-A9329335D706}.Debug|Win32.ActiveCfg = Debug|Win32
		{6C1116CE-D99E-4629-9E69-A9329335D706}.Debug|Win32.Build.0 = Debug|Win32
		{6C1116CE-D99E-4629-9E69-A9329335D706}.Release|Win32.ActiveCfg = Release|Win32
		{6C1116CE-D99E-4629-9E69-A9329335D706}.Release|Win32.Build.0 = Release|Win32
		{F5D0509C-80E0-49B7-B033-885D8253063A}.Debug|Win32.ActiveCfg = Debug|Win32
		{F5D0509C-80E0-49B7-B033-885D8253063A}.Debug|Win32.Build.0 = Debug|Win32
		{F5D0509C-80E0-49B7-B033-885D8253063A}.Release|Win32.ActiveCfg = Release|Win32
		{F5D0509C-80E0-49B7-B033-885D8253063A}.Release|Win32.Build.0 = Release|Win32
	EndGlobalSection
	GlobalSection(SolutionProperties) = preSolution
		HideSolutionNode = FALSE
	EndGlobalSection
EndGlobal
