<?xml version="1.0" encoding="utf-8"?>
<Project ToolsVersion="4.0" xmlns="http://schemas.microsoft.com/developer/msbuild/2003">
  <ItemGroup>
    <Filter Include="src">
      <UniqueIdentifier>{4bbfe452-7e73-4e82-b3e4-a28e6a7bb9b1}</UniqueIdentifier>
      <Extensions>cpp;c;cc;cxx;def;odl;idl;hpj;bat;asm;asmx</Extensions>
    </Filter>
  </ItemGroup>
  <ItemGroup>
    <ClCompile Include="AboutDialog.cpp">
      <Filter>src</Filter>
    </ClCompile>
    <ClCompile Include="ConfigDialog.cpp">
      <Filter>src</Filter>
    </ClCompile>
    <ClCompile Include="LoadPortalFileDialog.cpp">
      <Filter>src</Filter>
    </ClCompile>
    <ClCompile Include="portals.cpp">
      <Filter>src</Filter>
    </ClCompile>
    <ClCompile Include="prtview.cpp">
      <Filter>src</Filter>
    </ClCompile>
    <ClCompile Include="stdafx.cpp">
      <Filter>src</Filter>
    </ClCompile>
  </ItemGroup>
  <ItemGroup>
    <None Include="prtview.def">
      <Filter>src</Filter>
    </None>
  </ItemGroup>
</Project>