<?xml version="1.0" encoding="utf-8"?>
<Project ToolsVersion="4.0" xmlns="http://schemas.microsoft.com/developer/msbuild/2003">
  <ItemGroup>
    <ClCompile Include="bp_dlg.cpp" />
    <ClCompile Include="brush.cpp" />
    <ClCompile Include="brush_primit.cpp" />
    <ClCompile Include="brushscript.cpp" />
    <ClCompile Include="camwindow.cpp" />
    <ClCompile Include="csg.cpp" />
    <ClCompile Include="dialog.cpp" />
    <ClCompile Include="dialoginfo.cpp" />
    <ClCompile Include="drag.cpp" />
    <ClCompile Include="eclass.cpp" />
    <ClCompile Include="eclass_def.cpp" />
    <ClCompile Include="error.cpp" />
    <ClCompile Include="feedback.cpp" />
    <ClCompile Include="file.cpp" />
    <ClCompile Include="filters.cpp" />
    <ClCompile Include="findtexturedialog.cpp" />
    <ClCompile Include="glinterface.cpp" />
    <ClCompile Include="glwidget.cpp" />
    <ClCompile Include="glwindow.cpp" />
    <ClCompile Include="groupdialog.cpp" />
    <ClCompile Include="gtkdlgs.cpp" />
    <ClCompile Include="gtkmisc.cpp" />
    <ClCompile Include="main.cpp" />
    <ClCompile Include="mainframe.cpp" />
    <ClCompile Include="map.cpp" />
    <ClCompile Include="missing.cpp" />
    <ClCompile Include="parse.cpp" />
    <ClCompile Include="patchdialog.cpp" />
    <ClCompile Include="pluginentities.cpp" />
    <ClCompile Include="pluginmanager.cpp" />
    <ClCompile Include="pmesh.cpp" />
    <ClCompile Include="points.cpp" />
    <ClCompile Include="preferences.cpp" />
    <ClCompile Include="profile.cpp" />
    <ClCompile Include="qe3.cpp" />
    <ClCompile Include="qgl.c" />
    <ClCompile Include="qgl_ext.cpp" />
    <ClCompile Include="select.cpp" />
    <ClCompile Include="selectedface.cpp" />
    <ClCompile Include="stdafx.cpp" />
    <ClCompile Include="surfacedialog.cpp" />
    <ClCompile Include="surfaceplugin.cpp" />
    <ClCompile Include="targetname.cpp" />
    <ClCompile Include="texmanip.cpp" />
    <ClCompile Include="texwindow.cpp" />
    <ClCompile Include="ui.cpp" />
    <ClCompile Include="undo.cpp" />
    <ClCompile Include="vertsel.cpp" />
    <ClCompile Include="watchbsp.cpp" />
    <ClCompile Include="winding.cpp" />
    <ClCompile Include="xywindow.cpp" />
    <ClCompile Include="z.cpp" />
    <ClCompile Include="zwindow.cpp" />
  </ItemGroup>
  <ItemGroup>
    <ResourceCompile Include="radiant.rc" />
  </ItemGroup>
  <ItemGroup>
    <Filter Include="headers">
      <UniqueIdentifier>{57e33e61-cde4-41a4-9658-70a29b81d45e}</UniqueIdentifier>
    </Filter>
  </ItemGroup>
  <ItemGroup>
    <ClInclude Include="zwindow.h">
      <Filter>headers</Filter>
    </ClInclude>
    <ClInclude Include="brush.h">
      <Filter>headers</Filter>
    </ClInclude>
    <ClInclude Include="camera.h">
      <Filter>headers</Filter>
    </ClInclude>
    <ClInclude Include="camwindow.h">
      <Filter>headers</Filter>
    </ClInclude>
    <ClInclude Include="dialog.h">
      <Filter>headers</Filter>
    </ClInclude>
    <ClInclude Include="eclass_def.h">
      <Filter>headers</Filter>
    </ClInclude>
    <ClInclude Include="feedback.h">
      <Filter>headers</Filter>
    </ClInclude>
    <ClInclude Include="file.h">
      <Filter>headers</Filter>
    </ClInclude>
    <ClInclude Include="filters.h">
      <Filter>headers</Filter>
    </ClInclude>
    <ClInclude Include="findtexturedialog.h">
      <Filter>headers</Filter>
    </ClInclude>
    <ClInclude Include="glwidget.h">
      <Filter>headers</Filter>
    </ClInclude>
    <ClInclude Include="glwindow.h">
      <Filter>headers</Filter>
    </ClInclude>
    <ClInclude Include="groupdialog.h">
      <Filter>headers</Filter>
    </ClInclude>
    <ClInclude Include="gtkfilesel.h">
      <Filter>headers</Filter>
    </ClInclude>
    <ClInclude Include="gtkfilesel-darwin.h">
      <Filter>headers</Filter>
    </ClInclude>
    <ClInclude Include="gtkfilesel-linux.h">
      <Filter>headers</Filter>
    </ClInclude>
    <ClInclude Include="gtkmisc.h">
      <Filter>headers</Filter>
    </ClInclude>
    <ClInclude Include="mainframe.h">
      <Filter>headers</Filter>
    </ClInclude>
    <ClInclude Include="map.h">
      <Filter>headers</Filter>
    </ClInclude>
    <ClInclude Include="parse.h">
      <Filter>headers</Filter>
    </ClInclude>
    <ClInclude Include="patchdialog.h">
      <Filter>headers</Filter>
    </ClInclude>
    <ClInclude Include="plugin.h">
      <Filter>headers</Filter>
    </ClInclude>
    <ClInclude Include="pluginmanager.h">
      <Filter>headers</Filter>
    </ClInclude>
    <ClInclude Include="points.h">
      <Filter>headers</Filter>
    </ClInclude>
    <ClInclude Include="preferences.h">
      <Filter>headers</Filter>
    </ClInclude>
    <ClInclude Include="qe3.h">
      <Filter>headers</Filter>
    </ClInclude>
    <ClInclude Include="qedefs.h">
      <Filter>headers</Filter>
    </ClInclude>
    <ClInclude Include="qfiles.h">
      <Filter>headers</Filter>
    </ClInclude>
    <ClInclude Include="qgl.h">
      <Filter>headers</Filter>
    </ClInclude>
    <ClInclude Include="resource.h">
      <Filter>headers</Filter>
    </ClInclude>
    <ClInclude Include="select.h">
      <Filter>headers</Filter>
    </ClInclude>
    <ClInclude Include="stdafx.h">
      <Filter>headers</Filter>
    </ClInclude>
    <ClInclude Include="surfacedialog.h">
      <Filter>headers</Filter>
    </ClInclude>
    <ClInclude Include="surfaceplugin.h">
      <Filter>headers</Filter>
    </ClInclude>
    <ClInclude Include="texmanip.h">
      <Filter>headers</Filter>
    </ClInclude>
    <ClInclude Include="textures.h">
      <Filter>headers</Filter>
    </ClInclude>
    <ClInclude Include="texwindow.h">
      <Filter>headers</Filter>
    </ClInclude>
    <ClInclude Include="ui.h">
      <Filter>headers</Filter>
    </ClInclude>
    <ClInclude Include="undo.h">
      <Filter>headers</Filter>
    </ClInclude>
    <ClInclude Include="watchbsp.h">
      <Filter>headers</Filter>
    </ClInclude>
    <ClInclude Include="winding.h">
      <Filter>headers</Filter>
    </ClInclude>
    <ClInclude Include="xmlstuff.h">
      <Filter>headers</Filter>
    </ClInclude>
    <ClInclude Include="xywindow.h">
      <Filter>headers</Filter>
    </ClInclude>
    <ClInclude Include="z.h">
      <Filter>headers</Filter>
    </ClInclude>
  </ItemGroup>
</Project>