<?xml version="1.0" encoding="utf-8"?>
<Project ToolsVersion="4.0" xmlns="http://schemas.microsoft.com/developer/msbuild/2003">
  <ItemGroup>
    <Filter Include="src">
      <UniqueIdentifier>{2e8c3b01-b404-497f-be1b-951c1bab1c1c}</UniqueIdentifier>
      <Extensions>cpp;c;cc;cxx;def;odl;idl;hpj;bat;asm;asmx</Extensions>
    </Filter>
  </ItemGroup>
  <ItemGroup>
    <None Include="mapxml.def">
      <Filter>src</Filter>
    </None>
  </ItemGroup>
  <ItemGroup>
    <ClCompile Include="plugin.cpp">
      <Filter>src</Filter>
    </ClCompile>
    <ClCompile Include="xmlparse.cpp">
      <Filter>src</Filter>
    </ClCompile>
    <ClCompile Include="xmlwrite.cpp">
      <Filter>src</Filter>
    </ClCompile>
  </ItemGroup>
</Project>