<?xml version="1.0" encoding="utf-8"?>
<Project ToolsVersion="4.0" xmlns="http://schemas.microsoft.com/developer/msbuild/2003">
  <ItemGroup>
    <Filter Include="src">
      <UniqueIdentifier>{8d3e9596-a105-4ce1-8cfb-7b02c906b270}</UniqueIdentifier>
      <Extensions>cpp;c;cc;cxx;def;odl;idl;hpj;bat;asm;asmx</Extensions>
    </Filter>
  </ItemGroup>
  <ItemGroup>
    <None Include="surface_idtech2.def">
      <Filter>src</Filter>
    </None>
  </ItemGroup>
  <ItemGroup>
    <ClCompile Include="surfacedialog.cpp">
      <Filter>src</Filter>
    </ClCompile>
    <ClCompile Include="surfaceflags.cpp">
      <Filter>src</Filter>
    </ClCompile>
    <ClCompile Include="surfdlg_plugin.cpp">
      <Filter>src</Filter>
    </ClCompile>
  </ItemGroup>
</Project>