
Microsoft Visual Studio Solution File, Format Version 9.00
# Visual Studio 2005
Project("{8BC9CEB8-8B4A-11D0-8D11-00A0C91BC942}") = "ddslib", "..\..\..\libs\ddslib\ddslib.vcproj", "{7FD1FB6D-9969-43E1-857D-1B70B85DB89D}"
EndProject
Project("{8BC9CEB8-8B4A-11D0-8D11-00A0C91BC942}") = "jpeg6", "..\..\..\libs\jpeg6\jpeg6.vcproj", "{F6FEEEDB-8B57-411E-924D-2C49AA55A03B}"
EndProject
Project("{8BC9CEB8-8B4A-11D0-8D11-00A0C91BC942}") = "l_net", "..\..\..\libs\l_net\l_net.vcproj", "{C64EA14E-82DD-4E6A-825F-BD9745137CCB}"
EndProject
Project("{8BC9CEB8-8B4A-11D0-8D11-00A0C91BC942}") = "mathlib", "..\..\..\libs\mathlib\mathlib.vcproj", "{608341F6-3E13-498C-B16B-8CFB737F311E}"
EndProject
Project("{8BC9CEB8-8B4A-11D0-8D11-00A0C91BC942}") = "md5lib", "..\..\..\libs\md5lib\md5lib.vcproj", "{0B6C0AED-1BF5-4794-8CD0-2686A3EF852A}"
EndProject
Project("{8BC9CEB8-8B4A-11D0-8D11-00A0C91BC942}") = "picomodel", "..\..\..\libs\picomodel\picomodel.vcproj", "{D50B2D31-7046-4E77-AB0F-4211BE70834C}"
EndProject
Project("{8BC9CEB8-8B4A-11D0-8D11-00A0C91BC942}") = "q3map2", "q3map2.vcproj", "{7AF7537E-94C3-4680-8F5E-C1CE30DC2041}"
	ProjectSection(ProjectDependencies) = postProject
		{DF2E2A3A-51C9-414F-BEE9-261C2E88CF70} = {DF2E2A3A-51C9-414F-BEE9-261C2E88CF70}
		{D50B2D31-7046-4E77-AB0F-4211BE70834C} = {D50B2D31-7046-4E77-AB0F-4211BE70834C}
		{7FD1FB6D-9969-43E1-857D-1B70B85DB89D} = {7FD1FB6D-9969-43E1-857D-1B70B85DB89D}
		{F6FEEEDB-8B57-411E-924D-2C49AA55A03B} = {F6FEEEDB-8B57-411E-924D-2C49AA55A03B}
		{0B6C0AED-1BF5-4794-8CD0-2686A3EF852A} = {0B6C0AED-1BF5-4794-8CD0-2686A3EF852A}
		{608341F6-3E13-498C-B16B-8CFB737F311E} = {608341F6-3E13-498C-B16B-8CFB737F311E}
		{C64EA14E-82DD-4E6A-825F-BD9745137CCB} = {C64EA14E-82DD-4E6A-825F-BD9745137CCB}
	EndProjectSection
EndProject
Project("{8BC9CEB8-8B4A-11D0-8D11-00A0C91BC942}") = "libpng", "..\..\..\..\..\..\q3map2\Q3map2FS\libpng-1.2\projects\msvc\libpng.vcproj", "{DF2E2A3A-51C9-414F-BEE9-261C2E88CF70}"
EndProject
Global
	GlobalSection(SolutionConfigurationPlatforms) = preSolution
		Debug|Win32 = Debug|Win32
		DLL ASM|Win32 = DLL ASM|Win32
		DLL Debug ASM|Win32 = DLL Debug ASM|Win32
		DLL Debug|Win32 = DLL Debug|Win32
		DLL VB|Win32 = DLL VB|Win32
		DLL|Win32 = DLL|Win32
		LIB Debug|Win32 = LIB Debug|Win32
		LIB|Win32 = LIB|Win32
		Release|Win32 = Release|Win32
	EndGlobalSection
	GlobalSection(ProjectConfigurationPlatforms) = postSolution
		{7FD1FB6D-9969-43E1-857D-1B70B85DB89D}.Debug|Win32.ActiveCfg = Debug|Win32
		{7FD1FB6D-9969-43E1-857D-1B70B85DB89D}.Debug|Win32.Build.0 = Debug|Win32
		{7FD1FB6D-9969-43E1-857D-1B70B85DB89D}.DLL ASM|Win32.ActiveCfg = Debug|Win32
		{7FD1FB6D-9969-43E1-857D-1B70B85DB89D}.DLL ASM|Win32.Build.0 = Debug|Win32
		{7FD1FB6D-9969-43E1-857D-1B70B85DB89D}.DLL Debug ASM|Win32.ActiveCfg = Debug|Win32
		{7FD1FB6D-9969-43E1-857D-1B70B85DB89D}.DLL Debug ASM|Win32.Build.0 = Debug|Win32
		{7FD1FB6D-9969-43E1-857D-1B70B85DB89D}.DLL Debug|Win32.ActiveCfg = Debug|Win32
		{7FD1FB6D-9969-43E1-857D-1B70B85DB89D}.DLL Debug|Win32.Build.0 = Debug|Win32
		{7FD1FB6D-9969-43E1-857D-1B70B85DB89D}.DLL VB|Win32.ActiveCfg = Debug|Win32
		{7FD1FB6D-9969-43E1-857D-1B70B85DB89D}.DLL VB|Win32.Build.0 = Debug|Win32
		{7FD1FB6D-9969-43E1-857D-1B70B85DB89D}.DLL|Win32.ActiveCfg = Debug|Win32
		{7FD1FB6D-9969-43E1-857D-1B70B85DB89D}.DLL|Win32.Build.0 = Debug|Win32
		{7FD1FB6D-9969-43E1-857D-1B70B85DB89D}.LIB Debug|Win32.ActiveCfg = Debug|Win32
		{7FD1FB6D-9969-43E1-857D-1B70B85DB89D}.LIB Debug|Win32.Build.0 = Debug|Win32
		{7FD1FB6D-9969-43E1-857D-1B70B85DB89D}.LIB|Win32.ActiveCfg = Debug|Win32
		{7FD1FB6D-9969-43E1-857D-1B70B85DB89D}.LIB|Win32.Build.0 = Debug|Win32
		{7FD1FB6D-9969-43E1-857D-1B70B85DB89D}.Release|Win32.ActiveCfg = Release|Win32
		{7FD1FB6D-9969-43E1-857D-1B70B85DB89D}.Release|Win32.Build.0 = Release|Win32
		{F6FEEEDB-8B57-411E-924D-2C49AA55A03B}.Debug|Win32.ActiveCfg = Debug|Win32
		{F6FEEEDB-8B57-411E-924D-2C49AA55A03B}.Debug|Win32.Build.0 = Debug|Win32
		{F6FEEEDB-8B57-411E-924D-2C49AA55A03B}.DLL ASM|Win32.ActiveCfg = Debug|Win32
		{F6FEEEDB-8B57-411E-924D-2C49AA55A03B}.DLL ASM|Win32.Build.0 = Debug|Win32
		{F6FEEEDB-8B57-411E-924D-2C49AA55A03B}.DLL Debug ASM|Win32.ActiveCfg = Debug|Win32
		{F6FEEEDB-8B57-411E-924D-2C49AA55A03B}.DLL Debug ASM|Win32.Build.0 = Debug|Win32
		{F6FEEEDB-8B57-411E-924D-2C49AA55A03B}.DLL Debug|Win32.ActiveCfg = Debug|Win32
		{F6FEEEDB-8B57-411E-924D-2C49AA55A03B}.DLL Debug|Win32.Build.0 = Debug|Win32
		{F6FEEEDB-8B57-411E-924D-2C49AA55A03B}.DLL VB|Win32.ActiveCfg = Debug|Win32
		{F6FEEEDB-8B57-411E-924D-2C49AA55A03B}.DLL VB|Win32.Build.0 = Debug|Win32
		{F6FEEEDB-8B57-411E-924D-2C49AA55A03B}.DLL|Win32.ActiveCfg = Debug|Win32
		{F6FEEEDB-8B57-411E-924D-2C49AA55A03B}.DLL|Win32.Build.0 = Debug|Win32
		{F6FEEEDB-8B57-411E-924D-2C49AA55A03B}.LIB Debug|Win32.ActiveCfg = Debug|Win32
		{F6FEEEDB-8B57-411E-924D-2C49AA55A03B}.LIB Debug|Win32.Build.0 = Debug|Win32
		{F6FEEEDB-8B57-411E-924D-2C49AA55A03B}.LIB|Win32.ActiveCfg = Debug|Win32
		{F6FEEEDB-8B57-411E-924D-2C49AA55A03B}.LIB|Win32.Build.0 = Debug|Win32
		{F6FEEEDB-8B57-411E-924D-2C49AA55A03B}.Release|Win32.ActiveCfg = Release|Win32
		{F6FEEEDB-8B57-411E-924D-2C49AA55A03B}.Release|Win32.Build.0 = Release|Win32
		{C64EA14E-82DD-4E6A-825F-BD9745137CCB}.Debug|Win32.ActiveCfg = Debug|Win32
		{C64EA14E-82DD-4E6A-825F-BD9745137CCB}.Debug|Win32.Build.0 = Debug|Win32
		{C64EA14E-82DD-4E6A-825F-BD9745137CCB}.DLL ASM|Win32.ActiveCfg = Debug|Win32
		{C64EA14E-82DD-4E6A-825F-BD9745137CCB}.DLL ASM|Win32.Build.0 = Debug|Win32
		{C64EA14E-82DD-4E6A-825F-BD9745137CCB}.DLL Debug ASM|Win32.ActiveCfg = Debug|Win32
		{C64EA14E-82DD-4E6A-825F-BD9745137CCB}.DLL Debug ASM|Win32.Build.0 = Debug|Win32
		{C64EA14E-82DD-4E6A-825F-BD9745137CCB}.DLL Debug|Win32.ActiveCfg = Debug|Win32
		{C64EA14E-82DD-4E6A-825F-BD9745137CCB}.DLL Debug|Win32.Build.0 = Debug|Win32
		{C64EA14E-82DD-4E6A-825F-BD9745137CCB}.DLL VB|Win32.ActiveCfg = Debug|Win32
		{C64EA14E-82DD-4E6A-825F-BD9745137CCB}.DLL VB|Win32.Build.0 = Debug|Win32
		{C64EA14E-82DD-4E6A-825F-BD9745137CCB}.DLL|Win32.ActiveCfg = Debug|Win32
		{C64EA14E-82DD-4E6A-825F-BD9745137CCB}.DLL|Win32.Build.0 = Debug|Win32
		{C64EA14E-82DD-4E6A-825F-BD9745137CCB}.LIB Debug|Win32.ActiveCfg = Debug|Win32
		{C64EA14E-82DD-4E6A-825F-BD9745137CCB}.LIB Debug|Win32.Build.0 = Debug|Win32
		{C64EA14E-82DD-4E6A-825F-BD9745137CCB}.LIB|Win32.ActiveCfg = Debug|Win32
		{C64EA14E-82DD-4E6A-825F-BD9745137CCB}.LIB|Win32.Build.0 = Debug|Win32
		{C64EA14E-82DD-4E6A-825F-BD9745137CCB}.Release|Win32.ActiveCfg = Release|Win32
		{C64EA14E-82DD-4E6A-825F-BD9745137CCB}.Release|Win32.Build.0 = Release|Win32
		{608341F6-3E13-498C-B16B-8CFB737F311E}.Debug|Win32.ActiveCfg = Debug|Win32
		{608341F6-3E13-498C-B16B-8CFB737F311E}.Debug|Win32.Build.0 = Debug|Win32
		{608341F6-3E13-498C-B16B-8CFB737F311E}.DLL ASM|Win32.ActiveCfg = Debug|Win32
		{608341F6-3E13-498C-B16B-8CFB737F311E}.DLL ASM|Win32.Build.0 = Debug|Win32
		{608341F6-3E13-498C-B16B-8CFB737F311E}.DLL Debug ASM|Win32.ActiveCfg = Debug|Win32
		{608341F6-3E13-498C-B16B-8CFB737F311E}.DLL Debug ASM|Win32.Build.0 = Debug|Win32
		{608341F6-3E13-498C-B16B-8CFB737F311E}.DLL Debug|Win32.ActiveCfg = Debug|Win32
		{608341F6-3E13-498C-B16B-8CFB737F311E}.DLL Debug|Win32.Build.0 = Debug|Win32
		{608341F6-3E13-498C-B16B-8CFB737F311E}.DLL VB|Win32.ActiveCfg = Debug|Win32
		{608341F6-3E13-498C-B16B-8CFB737F311E}.DLL VB|Win32.Build.0 = Debug|Win32
		{608341F6-3E13-498C-B16B-8CFB737F311E}.DLL|Win32.ActiveCfg = Debug|Win32
		{608341F6-3E13-498C-B16B-8CFB737F311E}.DLL|Win32.Build.0 = Debug|Win32
		{608341F6-3E13-498C-B16B-8CFB737F311E}.LIB Debug|Win32.ActiveCfg = Debug|Win32
		{608341F6-3E13-498C-B16B-8CFB737F311E}.LIB Debug|Win32.Build.0 = Debug|Win32
		{608341F6-3E13-498C-B16B-8CFB737F311E}.LIB|Win32.ActiveCfg = Release|Win32
		{608341F6-3E13-498C-B16B-8CFB737F311E}.LIB|Win32.Build.0 = Release|Win32
		{608341F6-3E13-498C-B16B-8CFB737F311E}.Release|Win32.ActiveCfg = Release|Win32
		{608341F6-3E13-498C-B16B-8CFB737F311E}.Release|Win32.Build.0 = Release|Win32
		{0B6C0AED-1BF5-4794-8CD0-2686A3EF852A}.Debug|Win32.ActiveCfg = Debug|Win32
		{0B6C0AED-1BF5-4794-8CD0-2686A3EF852A}.Debug|Win32.Build.0 = Debug|Win32
		{0B6C0AED-1BF5-4794-8CD0-2686A3EF852A}.DLL ASM|Win32.ActiveCfg = Debug|Win32
		{0B6C0AED-1BF5-4794-8CD0-2686A3EF852A}.DLL ASM|Win32.Build.0 = Debug|Win32
		{0B6C0AED-1BF5-4794-8CD0-2686A3EF852A}.DLL Debug ASM|Win32.ActiveCfg = Debug|Win32
		{0B6C0AED-1BF5-4794-8CD0-2686A3EF852A}.DLL Debug ASM|Win32.Build.0 = Debug|Win32
		{0B6C0AED-1BF5-4794-8CD0-2686A3EF852A}.DLL Debug|Win32.ActiveCfg = Debug|Win32
		{0B6C0AED-1BF5-4794-8CD0-2686A3EF852A}.DLL Debug|Win32.Build.0 = Debug|Win32
		{0B6C0AED-1BF5-4794-8CD0-2686A3EF852A}.DLL VB|Win32.ActiveCfg = Debug|Win32
		{0B6C0AED-1BF5-4794-8CD0-2686A3EF852A}.DLL VB|Win32.Build.0 = Debug|Win32
		{0B6C0AED-1BF5-4794-8CD0-2686A3EF852A}.DLL|Win32.ActiveCfg = Debug|Win32
		{0B6C0AED-1BF5-4794-8CD0-2686A3EF852A}.DLL|Win32.Build.0 = Debug|Win32
		{0B6C0AED-1BF5-4794-8CD0-2686A3EF852A}.LIB Debug|Win32.ActiveCfg = Debug|Win32
		{0B6C0AED-1BF5-4794-8CD0-2686A3EF852A}.LIB Debug|Win32.Build.0 = Debug|Win32
		{0B6C0AED-1BF5-4794-8CD0-2686A3EF852A}.LIB|Win32.ActiveCfg = Release|Win32
		{0B6C0AED-1BF5-4794-8CD0-2686A3EF852A}.LIB|Win32.Build.0 = Release|Win32
		{0B6C0AED-1BF5-4794-8CD0-2686A3EF852A}.Release|Win32.ActiveCfg = Release|Win32
		{0B6C0AED-1BF5-4794-8CD0-2686A3EF852A}.Release|Win32.Build.0 = Release|Win32
		{D50B2D31-7046-4E77-AB0F-4211BE70834C}.Debug|Win32.ActiveCfg = Debug|Win32
		{D50B2D31-7046-4E77-AB0F-4211BE70834C}.Debug|Win32.Build.0 = Debug|Win32
		{D50B2D31-7046-4E77-AB0F-4211BE70834C}.DLL ASM|Win32.ActiveCfg = Debug|Win32
		{D50B2D31-7046-4E77-AB0F-4211BE70834C}.DLL ASM|Win32.Build.0 = Debug|Win32
		{D50B2D31-7046-4E77-AB0F-4211BE70834C}.DLL Debug ASM|Win32.ActiveCfg = Debug|Win32
		{D50B2D31-7046-4E77-AB0F-4211BE70834C}.DLL Debug ASM|Win32.Build.0 = Debug|Win32
		{D50B2D31-7046-4E77-AB0F-4211BE70834C}.DLL Debug|Win32.ActiveCfg = Debug|Win32
		{D50B2D31-7046-4E77-AB0F-4211BE70834C}.DLL Debug|Win32.Build.0 = Debug|Win32
		{D50B2D31-7046-4E77-AB0F-4211BE70834C}.DLL VB|Win32.ActiveCfg = Debug|Win32
		{D50B2D31-7046-4E77-AB0F-4211BE70834C}.DLL VB|Win32.Build.0 = Debug|Win32
		{D50B2D31-7046-4E77-AB0F-4211BE70834C}.DLL|Win32.ActiveCfg = Debug|Win32
		{D50B2D31-7046-4E77-AB0F-4211BE70834C}.DLL|Win32.Build.0 = Debug|Win32
		{D50B2D31-7046-4E77-AB0F-4211BE70834C}.LIB Debug|Win32.ActiveCfg = Debug|Win32
		{D50B2D31-7046-4E77-AB0F-4211BE70834C}.LIB Debug|Win32.Build.0 = Debug|Win32
		{D50B2D31-7046-4E77-AB0F-4211BE70834C}.LIB|Win32.ActiveCfg = Debug|Win32
		{D50B2D31-7046-4E77-AB0F-4211BE70834C}.LIB|Win32.Build.0 = Debug|Win32
		{D50B2D31-7046-4E77-AB0F-4211BE70834C}.Release|Win32.ActiveCfg = Release|Win32
		{D50B2D31-7046-4E77-AB0F-4211BE70834C}.Release|Win32.Build.0 = Release|Win32
		{7AF7537E-94C3-4680-8F5E-C1CE30DC2041}.Debug|Win32.ActiveCfg = Debug|Win32
		{7AF7537E-94C3-4680-8F5E-C1CE30DC2041}.Debug|Win32.Build.0 = Debug|Win32
		{7AF7537E-94C3-4680-8F5E-C1CE30DC2041}.DLL ASM|Win32.ActiveCfg = Debug|Win32
		{7AF7537E-94C3-4680-8F5E-C1CE30DC2041}.DLL ASM|Win32.Build.0 = Debug|Win32
		{7AF7537E-94C3-4680-8F5E-C1CE30DC2041}.DLL Debug ASM|Win32.ActiveCfg = Debug|Win32
		{7AF7537E-94C3-4680-8F5E-C1CE30DC2041}.DLL Debug ASM|Win32.Build.0 = Debug|Win32
		{7AF7537E-94C3-4680-8F5E-C1CE30DC2041}.DLL Debug|Win32.ActiveCfg = Debug|Win32
		{7AF7537E-94C3-4680-8F5E-C1CE30DC2041}.DLL Debug|Win32.Build.0 = Debug|Win32
		{7AF7537E-94C3-4680-8F5E-C1CE30DC2041}.DLL VB|Win32.ActiveCfg = Debug|Win32
		{7AF7537E-94C3-4680-8F5E-C1CE30DC2041}.DLL VB|Win32.Build.0 = Debug|Win32
		{7AF7537E-94C3-4680-8F5E-C1CE30DC2041}.DLL|Win32.ActiveCfg = Debug|Win32
		{7AF7537E-94C3-4680-8F5E-C1CE30DC2041}.DLL|Win32.Build.0 = Debug|Win32
		{7AF7537E-94C3-4680-8F5E-C1CE30DC2041}.LIB Debug|Win32.ActiveCfg = Debug|Win32
		{7AF7537E-94C3-4680-8F5E-C1CE30DC2041}.LIB Debug|Win32.Build.0 = Debug|Win32
		{7AF7537E-94C3-4680-8F5E-C1CE30DC2041}.LIB|Win32.ActiveCfg = Debug|Win32
		{7AF7537E-94C3-4680-8F5E-C1CE30DC2041}.LIB|Win32.Build.0 = Debug|Win32
		{7AF7537E-94C3-4680-8F5E-C1CE30DC2041}.Release|Win32.ActiveCfg = Release|Win32
		{7AF7537E-94C3-4680-8F5E-C1CE30DC2041}.Release|Win32.Build.0 = Release|Win32
		{DF2E2A3A-51C9-414F-BEE9-261C2E88CF70}.Debug|Win32.ActiveCfg = DLL Debug|Win32
		{DF2E2A3A-51C9-414F-BEE9-261C2E88CF70}.Debug|Win32.Build.0 = DLL Debug|Win32
		{DF2E2A3A-51C9-414F-BEE9-261C2E88CF70}.DLL ASM|Win32.ActiveCfg = DLL ASM|Win32
		{DF2E2A3A-51C9-414F-BEE9-261C2E88CF70}.DLL ASM|Win32.Build.0 = DLL ASM|Win32
		{DF2E2A3A-51C9-414F-BEE9-261C2E88CF70}.DLL Debug ASM|Win32.ActiveCfg = DLL Debug ASM|Win32
		{DF2E2A3A-51C9-414F-BEE9-261C2E88CF70}.DLL Debug ASM|Win32.Build.0 = DLL Debug ASM|Win32
		{DF2E2A3A-51C9-414F-BEE9-261C2E88CF70}.DLL Debug|Win32.ActiveCfg = DLL Debug|Win32
		{DF2E2A3A-51C9-414F-BEE9-261C2E88CF70}.DLL Debug|Win32.Build.0 = DLL Debug|Win32
		{DF2E2A3A-51C9-414F-BEE9-261C2E88CF70}.DLL VB|Win32.ActiveCfg = DLL VB|Win32
		{DF2E2A3A-51C9-414F-BEE9-261C2E88CF70}.DLL VB|Win32.Build.0 = DLL VB|Win32
		{DF2E2A3A-51C9-414F-BEE9-261C2E88CF70}.DLL|Win32.ActiveCfg = DLL|Win32
		{DF2E2A3A-51C9-414F-BEE9-261C2E88CF70}.DLL|Win32.Build.0 = DLL|Win32
		{DF2E2A3A-51C9-414F-BEE9-261C2E88CF70}.LIB Debug|Win32.ActiveCfg = LIB Debug|Win32
		{DF2E2A3A-51C9-414F-BEE9-261C2E88CF70}.LIB Debug|Win32.Build.0 = LIB Debug|Win32
		{DF2E2A3A-51C9-414F-BEE9-261C2E88CF70}.LIB|Win32.ActiveCfg = LIB|Win32
		{DF2E2A3A-51C9-414F-BEE9-261C2E88CF70}.LIB|Win32.Build.0 = LIB|Win32
		{DF2E2A3A-51C9-414F-BEE9-261C2E88CF70}.Release|Win32.ActiveCfg = DLL Debug|Win32
		{DF2E2A3A-51C9-414F-BEE9-261C2E88CF70}.Release|Win32.Build.0 = DLL Debug|Win32
	EndGlobalSection
	GlobalSection(SolutionProperties) = preSolution
		HideSolutionNode = FALSE
	EndGlobalSection
EndGlobal
