<?xml version="1.0" encoding="utf-8"?>
<Project ToolsVersion="4.0" xmlns="http://schemas.microsoft.com/developer/msbuild/2003">
  <ItemGroup>
    <Filter Include="src">
      <UniqueIdentifier>{d32b9b42-58a3-4825-a03f-3c9a4cac423e}</UniqueIdentifier>
      <Extensions>cpp;c;cc;cxx;def;odl;idl;hpj;bat;asm;asmx</Extensions>
    </Filter>
  </ItemGroup>
  <ItemGroup>
    <ClCompile Include="bmp.cpp">
      <Filter>src</Filter>
    </ClCompile>
    <ClCompile Include="image.cpp">
      <Filter>src</Filter>
    </ClCompile>
    <ClCompile Include="jpeg.cpp">
      <Filter>src</Filter>
    </ClCompile>
    <ClCompile Include="lbmlib.cpp">
      <Filter>src</Filter>
    </ClCompile>
  </ItemGroup>
  <ItemGroup>
    <None Include="image.def">
      <Filter>src</Filter>
    </None>
  </ItemGroup>
</Project>