<?xml version="1.0" encoding="utf-8"?>
<Project ToolsVersion="4.0" xmlns="http://schemas.microsoft.com/developer/msbuild/2003">
  <ItemGroup>
    <Filter Include="src">
      <UniqueIdentifier>{1df999dc-51b5-4b04-9717-d684ececfd2d}</UniqueIdentifier>
      <Extensions>cpp;c;cc;cxx;def;odl;idl;hpj;bat;asm;asmx</Extensions>
    </Filter>
  </ItemGroup>
  <ItemGroup>
    <ClCompile Include="cpicomodel.cpp">
      <Filter>src</Filter>
    </ClCompile>
    <ClCompile Include="cpicosurface.cpp">
      <Filter>src</Filter>
    </ClCompile>
    <ClCompile Include="model.cpp">
      <Filter>src</Filter>
    </ClCompile>
    <ClCompile Include="plugin.cpp">
      <Filter>src</Filter>
    </ClCompile>
    <ClCompile Include="remap.cpp">
      <Filter>src</Filter>
    </ClCompile>
  </ItemGroup>
  <ItemGroup>
    <None Include="model.def">
      <Filter>src</Filter>
    </None>
  </ItemGroup>
</Project>